// !$*UTF8*$!
{
	archiveVersion = 1;
	classes = {
	};
	objectVersion = 56;
	objects = {

/* Begin PBXBuildFile section */
		FA1552CA29B927E70038985B /* CGImageExtension.swift in Sources */ = {isa = PBXBuildFile; fileRef = FA1552C929B927E70038985B /* CGImageExtension.swift */; };
		FA1DC51A29C2347B00BF0DAD /* ViewExtension.swift in Sources */ = {isa = PBXBuildFile; fileRef = FA1DC51929C2347B00BF0DAD /* ViewExtension.swift */; };
		FA3950B629BE714F009A5A85 /* ScannerSheetView.swift in Sources */ = {isa = PBXBuildFile; fileRef = FA3950B529BE714F009A5A85 /* ScannerSheetView.swift */; };
		FA5C637229CB389D00158C21 /* ShareSheetView.swift in Sources */ = {isa = PBXBuildFile; fileRef = FA5C637129CB389D00158C21 /* ShareSheetView.swift */; };
		FA7563CB29B6625200B5C947 /* NumbersScannerApp.swift in Sources */ = {isa = PBXBuildFile; fileRef = FA7563CA29B6625200B5C947 /* NumbersScannerApp.swift */; };
		FA7563CD29B6625200B5C947 /* ContentView.swift in Sources */ = {isa = PBXBuildFile; fileRef = FA7563CC29B6625200B5C947 /* ContentView.swift */; };
		FA7563CF29B6625300B5C947 /* Assets.xcassets in Resources */ = {isa = PBXBuildFile; fileRef = FA7563CE29B6625300B5C947 /* Assets.xcassets */; };
		FA7563D229B6625300B5C947 /* Preview Assets.xcassets in Resources */ = {isa = PBXBuildFile; fileRef = FA7563D129B6625300B5C947 /* Preview Assets.xcassets */; };
		FA7563F529B67D2500B5C947 /* OCRView.swift in Sources */ = {isa = PBXBuildFile; fileRef = FA7563F429B67D2500B5C947 /* OCRView.swift */; };
		FA75640529B688A100B5C947 /* OCRScannerViewController.swift in Sources */ = {isa = PBXBuildFile; fileRef = FA75640429B688A100B5C947 /* OCRScannerViewController.swift */; };
		FA75640B29B68AD600B5C947 /* OCREngine.swift in Sources */ = {isa = PBXBuildFile; fileRef = FA75640A29B68AD600B5C947 /* OCREngine.swift */; };
		FAAB83D329C36117008E1235 /* TableManipulatorView.swift in Sources */ = {isa = PBXBuildFile; fileRef = FAAB83D229C36117008E1235 /* TableManipulatorView.swift */; };
		FAAB83D529C362CC008E1235 /* ContentViewModel.swift in Sources */ = {isa = PBXBuildFile; fileRef = FAAB83D429C362CC008E1235 /* ContentViewModel.swift */; };
		FAC43E6629DB3B2E005DF0FB /* ChartView.swift in Sources */ = {isa = PBXBuildFile; fileRef = FAC43E6529DB3B2E005DF0FB /* ChartView.swift */; };
		FAC4D6D229BBA7A00043D753 /* CGPointExtension.swift in Sources */ = {isa = PBXBuildFile; fileRef = FAC4D6D129BBA7A00043D753 /* CGPointExtension.swift */; };
/* End PBXBuildFile section */

/* Begin PBXFileReference section */
		FA1552C929B927E70038985B /* CGImageExtension.swift */ = {isa = PBXFileReference; lastKnownFileType = sourcecode.swift; path = CGImageExtension.swift; sourceTree = "<group>"; };
		FA1DC51929C2347B00BF0DAD /* ViewExtension.swift */ = {isa = PBXFileReference; lastKnownFileType = sourcecode.swift; path = ViewExtension.swift; sourceTree = "<group>"; };
		FA3950B529BE714F009A5A85 /* ScannerSheetView.swift */ = {isa = PBXFileReference; lastKnownFileType = sourcecode.swift; path = ScannerSheetView.swift; sourceTree = "<group>"; };
		FA5C637129CB389D00158C21 /* ShareSheetView.swift */ = {isa = PBXFileReference; lastKnownFileType = sourcecode.swift; path = ShareSheetView.swift; sourceTree = "<group>"; };
		FA7563C729B6625200B5C947 /* NumbersScanner.app */ = {isa = PBXFileReference; explicitFileType = wrapper.application; includeInIndex = 0; path = NumbersScanner.app; sourceTree = BUILT_PRODUCTS_DIR; };
		FA7563CA29B6625200B5C947 /* NumbersScannerApp.swift */ = {isa = PBXFileReference; lastKnownFileType = sourcecode.swift; path = NumbersScannerApp.swift; sourceTree = "<group>"; };
		FA7563CC29B6625200B5C947 /* ContentView.swift */ = {isa = PBXFileReference; lastKnownFileType = sourcecode.swift; path = ContentView.swift; sourceTree = "<group>"; };
		FA7563CE29B6625300B5C947 /* Assets.xcassets */ = {isa = PBXFileReference; lastKnownFileType = folder.assetcatalog; path = Assets.xcassets; sourceTree = "<group>"; };
		FA7563D129B6625300B5C947 /* Preview Assets.xcassets */ = {isa = PBXFileReference; lastKnownFileType = folder.assetcatalog; path = "Preview Assets.xcassets"; sourceTree = "<group>"; };
		FA7563D829B6663F00B5C947 /* Info.plist */ = {isa = PBXFileReference; lastKnownFileType = text.plist; path = Info.plist; sourceTree = "<group>"; };
		FA7563F429B67D2500B5C947 /* OCRView.swift */ = {isa = PBXFileReference; lastKnownFileType = sourcecode.swift; path = OCRView.swift; sourceTree = "<group>"; };
		FA75640429B688A100B5C947 /* OCRScannerViewController.swift */ = {isa = PBXFileReference; lastKnownFileType = sourcecode.swift; path = OCRScannerViewController.swift; sourceTree = "<group>"; };
		FA75640A29B68AD600B5C947 /* OCREngine.swift */ = {isa = PBXFileReference; fileEncoding = 4; lastKnownFileType = sourcecode.swift; path = OCREngine.swift; sourceTree = "<group>"; };
		FAAB83D229C36117008E1235 /* TableManipulatorView.swift */ = {isa = PBXFileReference; lastKnownFileType = sourcecode.swift; path = TableManipulatorView.swift; sourceTree = "<group>"; };
		FAAB83D429C362CC008E1235 /* ContentViewModel.swift */ = {isa = PBXFileReference; lastKnownFileType = sourcecode.swift; path = ContentViewModel.swift; sourceTree = "<group>"; };
		FAC43E6529DB3B2E005DF0FB /* ChartView.swift */ = {isa = PBXFileReference; lastKnownFileType = sourcecode.swift; path = ChartView.swift; sourceTree = "<group>"; };
		FAC4D6D129BBA7A00043D753 /* CGPointExtension.swift */ = {isa = PBXFileReference; lastKnownFileType = sourcecode.swift; path = CGPointExtension.swift; sourceTree = "<group>"; };
/* End PBXFileReference section */

/* Begin PBXFrameworksBuildPhase section */
		FA7563C429B6625200B5C947 /* Frameworks */ = {
			isa = PBXFrameworksBuildPhase;
			buildActionMask = 2147483647;
			files = (
			);
			runOnlyForDeploymentPostprocessing = 0;
		};
/* End PBXFrameworksBuildPhase section */

/* Begin PBXGroup section */
		FA3992492A14FBDE00AAC015 /* OCR */ = {
			isa = PBXGroup;
			children = (
				FA75640A29B68AD600B5C947 /* OCREngine.swift */,
				FA75640429B688A100B5C947 /* OCRScannerViewController.swift */,
				FA7563F429B67D2500B5C947 /* OCRView.swift */,
			);
			path = OCR;
			sourceTree = "<group>";
		};
		FA7563BE29B6625200B5C947 = {
			isa = PBXGroup;
			children = (
				FA7563C929B6625200B5C947 /* NumbersScanner */,
				FA7563C829B6625200B5C947 /* Products */,
			);
			sourceTree = "<group>";
		};
		FA7563C829B6625200B5C947 /* Products */ = {
			isa = PBXGroup;
			children = (
				FA7563C729B6625200B5C947 /* NumbersScanner.app */,
			);
			name = Products;
			sourceTree = "<group>";
		};
		FA7563C929B6625200B5C947 /* NumbersScanner */ = {
			isa = PBXGroup;
			children = (
				FA8271D72A14FCAD005546FF /* Views */,
				FA8271D62A14FCA0005546FF /* Extensions */,
				FA3992492A14FBDE00AAC015 /* OCR */,
				FA7563D829B6663F00B5C947 /* Info.plist */,
				FA7563CA29B6625200B5C947 /* NumbersScannerApp.swift */,
				FA7563CE29B6625300B5C947 /* Assets.xcassets */,
				FA7563D029B6625300B5C947 /* Preview Content */,
			);
			path = NumbersScanner;
			sourceTree = "<group>";
		};
		FA7563D029B6625300B5C947 /* Preview Content */ = {
			isa = PBXGroup;
			children = (
				FA7563D129B6625300B5C947 /* Preview Assets.xcassets */,
			);
			path = "Preview Content";
			sourceTree = "<group>";
		};
		FA8271D62A14FCA0005546FF /* Extensions */ = {
			isa = PBXGroup;
			children = (
				FA1552C929B927E70038985B /* CGImageExtension.swift */,
				FAC4D6D129BBA7A00043D753 /* CGPointExtension.swift */,
				FA1DC51929C2347B00BF0DAD /* ViewExtension.swift */,
			);
			path = Extensions;
			sourceTree = "<group>";
		};
		FA8271D72A14FCAD005546FF /* Views */ = {
			isa = PBXGroup;
			children = (
				FA7563CC29B6625200B5C947 /* ContentView.swift */,
				FA3950B529BE714F009A5A85 /* ScannerSheetView.swift */,
				FAAB83D229C36117008E1235 /* TableManipulatorView.swift */,
				FAAB83D429C362CC008E1235 /* ContentViewModel.swift */,
				FA5C637129CB389D00158C21 /* ShareSheetView.swift */,
				FAC43E6529DB3B2E005DF0FB /* ChartView.swift */,
			);
			path = Views;
			sourceTree = "<group>";
		};
/* End PBXGroup section */

/* Begin PBXNativeTarget section */
		FA7563C629B6625200B5C947 /* NumbersScanner */ = {
			isa = PBXNativeTarget;
			buildConfigurationList = FA7563D529B6625300B5C947 /* Build configuration list for PBXNativeTarget "NumbersScanner" */;
			buildPhases = (
				FA7563C329B6625200B5C947 /* Sources */,
				FA7563C429B6625200B5C947 /* Frameworks */,
				FA7563C529B6625200B5C947 /* Resources */,
			);
			buildRules = (
			);
			dependencies = (
			);
			name = NumbersScanner;
			productName = NumbersScanner;
			productReference = FA7563C729B6625200B5C947 /* NumbersScanner.app */;
			productType = "com.apple.product-type.application";
		};
/* End PBXNativeTarget section */

/* Begin PBXProject section */
		FA7563BF29B6625200B5C947 /* Project object */ = {
			isa = PBXProject;
			attributes = {
				BuildIndependentTargetsInParallel = 1;
				LastSwiftUpdateCheck = 1420;
				LastUpgradeCheck = 1420;
				TargetAttributes = {
					FA7563C629B6625200B5C947 = {
						CreatedOnToolsVersion = 14.2;
					};
				};
			};
			buildConfigurationList = FA7563C229B6625200B5C947 /* Build configuration list for PBXProject "NumbersScanner" */;
			compatibilityVersion = "Xcode 14.0";
			developmentRegion = en;
			hasScannedForEncodings = 0;
			knownRegions = (
				en,
				Base,
			);
			mainGroup = FA7563BE29B6625200B5C947;
			productRefGroup = FA7563C829B6625200B5C947 /* Products */;
			projectDirPath = "";
			projectRoot = "";
			targets = (
				FA7563C629B6625200B5C947 /* NumbersScanner */,
			);
		};
/* End PBXProject section */

/* Begin PBXResourcesBuildPhase section */
		FA7563C529B6625200B5C947 /* Resources */ = {
			isa = PBXResourcesBuildPhase;
			buildActionMask = 2147483647;
			files = (
				FA7563D229B6625300B5C947 /* Preview Assets.xcassets in Resources */,
				FA7563CF29B6625300B5C947 /* Assets.xcassets in Resources */,
			);
			runOnlyForDeploymentPostprocessing = 0;
		};
/* End PBXResourcesBuildPhase section */

/* Begin PBXSourcesBuildPhase section */
		FA7563C329B6625200B5C947 /* Sources */ = {
			isa = PBXSourcesBuildPhase;
			buildActionMask = 2147483647;
			files = (
				FAAB83D329C36117008E1235 /* TableManipulatorView.swift in Sources */,
				FAAB83D529C362CC008E1235 /* ContentViewModel.swift in Sources */,
				FA7563CD29B6625200B5C947 /* ContentView.swift in Sources */,
				FA7563CB29B6625200B5C947 /* NumbersScannerApp.swift in Sources */,
				FAC4D6D229BBA7A00043D753 /* CGPointExtension.swift in Sources */,
				FA1552CA29B927E70038985B /* CGImageExtension.swift in Sources */,
				FA5C637229CB389D00158C21 /* ShareSheetView.swift in Sources */,
				FAC43E6629DB3B2E005DF0FB /* ChartView.swift in Sources */,
				FA3950B629BE714F009A5A85 /* ScannerSheetView.swift in Sources */,
				FA1DC51A29C2347B00BF0DAD /* ViewExtension.swift in Sources */,
				FA75640B29B68AD600B5C947 /* OCREngine.swift in Sources */,
				FA75640529B688A100B5C947 /* OCRScannerViewController.swift in Sources */,
				FA7563F529B67D2500B5C947 /* OCRView.swift in Sources */,
			);
			runOnlyForDeploymentPostprocessing = 0;
		};
/* End PBXSourcesBuildPhase section */

/* Begin XCBuildConfiguration section */
		FA7563D329B6625300B5C947 /* Debug */ = {
			isa = XCBuildConfiguration;
			buildSettings = {
				ALWAYS_SEARCH_USER_PATHS = NO;
				CLANG_ANALYZER_NONNULL = YES;
				CLANG_ANALYZER_NUMBER_OBJECT_CONVERSION = YES_AGGRESSIVE;
				CLANG_CXX_LANGUAGE_STANDARD = "gnu++20";
				CLANG_ENABLE_MODULES = YES;
				CLANG_ENABLE_OBJC_ARC = YES;
				CLANG_ENABLE_OBJC_WEAK = YES;
				CLANG_WARN_BLOCK_CAPTURE_AUTORELEASING = YES;
				CLANG_WARN_BOOL_CONVERSION = YES;
				CLANG_WARN_COMMA = YES;
				CLANG_WARN_CONSTANT_CONVERSION = YES;
				CLANG_WARN_DEPRECATED_OBJC_IMPLEMENTATIONS = YES;
				CLANG_WARN_DIRECT_OBJC_ISA_USAGE = YES_ERROR;
				CLANG_WARN_DOCUMENTATION_COMMENTS = YES;
				CLANG_WARN_EMPTY_BODY = YES;
				CLANG_WARN_ENUM_CONVERSION = YES;
				CLANG_WARN_INFINITE_RECURSION = YES;
				CLANG_WARN_INT_CONVERSION = YES;
				CLANG_WARN_NON_LITERAL_NULL_CONVERSION = YES;
				CLANG_WARN_OBJC_IMPLICIT_RETAIN_SELF = YES;
				CLANG_WARN_OBJC_LITERAL_CONVERSION = YES;
				CLANG_WARN_OBJC_ROOT_CLASS = YES_ERROR;
				CLANG_WARN_QUOTED_INCLUDE_IN_FRAMEWORK_HEADER = YES;
				CLANG_WARN_RANGE_LOOP_ANALYSIS = YES;
				CLANG_WARN_STRICT_PROTOTYPES = YES;
				CLANG_WARN_SUSPICIOUS_MOVE = YES;
				CLANG_WARN_UNGUARDED_AVAILABILITY = YES_AGGRESSIVE;
				CLANG_WARN_UNREACHABLE_CODE = YES;
				CLANG_WARN__DUPLICATE_METHOD_MATCH = YES;
				COPY_PHASE_STRIP = NO;
				DEBUG_INFORMATION_FORMAT = dwarf;
				ENABLE_STRICT_OBJC_MSGSEND = YES;
				ENABLE_TESTABILITY = YES;
				GCC_C_LANGUAGE_STANDARD = gnu11;
				GCC_DYNAMIC_NO_PIC = NO;
				GCC_NO_COMMON_BLOCKS = YES;
				GCC_OPTIMIZATION_LEVEL = 0;
				GCC_PREPROCESSOR_DEFINITIONS = (
					"DEBUG=1",
					"$(inherited)",
				);
				GCC_WARN_64_TO_32_BIT_CONVERSION = YES;
				GCC_WARN_ABOUT_RETURN_TYPE = YES_ERROR;
				GCC_WARN_UNDECLARED_SELECTOR = YES;
				GCC_WARN_UNINITIALIZED_AUTOS = YES_AGGRESSIVE;
				GCC_WARN_UNUSED_FUNCTION = YES;
				GCC_WARN_UNUSED_VARIABLE = YES;
				IPHONEOS_DEPLOYMENT_TARGET = 16.2;
				MTL_ENABLE_DEBUG_INFO = INCLUDE_SOURCE;
				MTL_FAST_MATH = YES;
				ONLY_ACTIVE_ARCH = YES;
				SDKROOT = iphoneos;
				SWIFT_ACTIVE_COMPILATION_CONDITIONS = DEBUG;
				SWIFT_OPTIMIZATION_LEVEL = "-Onone";
			};
			name = Debug;
		};
		FA7563D429B6625300B5C947 /* Release */ = {
			isa = XCBuildConfiguration;
			buildSettings = {
				ALWAYS_SEARCH_USER_PATHS = NO;
				CLANG_ANALYZER_NONNULL = YES;
				CLANG_ANALYZER_NUMBER_OBJECT_CONVERSION = YES_AGGRESSIVE;
				CLANG_CXX_LANGUAGE_STANDARD = "gnu++20";
				CLANG_ENABLE_MODULES = YES;
				CLANG_ENABLE_OBJC_ARC = YES;
				CLANG_ENABLE_OBJC_WEAK = YES;
				CLANG_WARN_BLOCK_CAPTURE_AUTORELEASING = YES;
				CLANG_WARN_BOOL_CONVERSION = YES;
				CLANG_WARN_COMMA = YES;
				CLANG_WARN_CONSTANT_CONVERSION = YES;
				CLANG_WARN_DEPRECATED_OBJC_IMPLEMENTATIONS = YES;
				CLANG_WARN_DIRECT_OBJC_ISA_USAGE = YES_ERROR;
				CLANG_WARN_DOCUMENTATION_COMMENTS = YES;
				CLANG_WARN_EMPTY_BODY = YES;
				CLANG_WARN_ENUM_CONVERSION = YES;
				CLANG_WARN_INFINITE_RECURSION = YES;
				CLANG_WARN_INT_CONVERSION = YES;
				CLANG_WARN_NON_LITERAL_NULL_CONVERSION = YES;
				CLANG_WARN_OBJC_IMPLICIT_RETAIN_SELF = YES;
				CLANG_WARN_OBJC_LITERAL_CONVERSION = YES;
				CLANG_WARN_OBJC_ROOT_CLASS = YES_ERROR;
				CLANG_WARN_QUOTED_INCLUDE_IN_FRAMEWORK_HEADER = YES;
				CLANG_WARN_RANGE_LOOP_ANALYSIS = YES;
				CLANG_WARN_STRICT_PROTOTYPES = YES;
				CLANG_WARN_SUSPICIOUS_MOVE = YES;
				CLANG_WARN_UNGUARDED_AVAILABILITY = YES_AGGRESSIVE;
				CLANG_WARN_UNREACHABLE_CODE = YES;
				CLANG_WARN__DUPLICATE_METHOD_MATCH = YES;
				COPY_PHASE_STRIP = NO;
				DEBUG_INFORMATION_FORMAT = "dwarf-with-dsym";
				ENABLE_NS_ASSERTIONS = NO;
				ENABLE_STRICT_OBJC_MSGSEND = YES;
				GCC_C_LANGUAGE_STANDARD = gnu11;
				GCC_NO_COMMON_BLOCKS = YES;
				GCC_WARN_64_TO_32_BIT_CONVERSION = YES;
				GCC_WARN_ABOUT_RETURN_TYPE = YES_ERROR;
				GCC_WARN_UNDECLARED_SELECTOR = YES;
				GCC_WARN_UNINITIALIZED_AUTOS = YES_AGGRESSIVE;
				GCC_WARN_UNUSED_FUNCTION = YES;
				GCC_WARN_UNUSED_VARIABLE = YES;
				IPHONEOS_DEPLOYMENT_TARGET = 16.2;
				MTL_ENABLE_DEBUG_INFO = NO;
				MTL_FAST_MATH = YES;
				SDKROOT = iphoneos;
				SWIFT_COMPILATION_MODE = wholemodule;
				SWIFT_OPTIMIZATION_LEVEL = "-O";
				VALIDATE_PRODUCT = YES;
			};
			name = Release;
		};
		FA7563D629B6625300B5C947 /* Debug */ = {
			isa = XCBuildConfiguration;
			buildSettings = {
				ASSETCATALOG_COMPILER_APPICON_NAME = AppIcon;
				ASSETCATALOG_COMPILER_GLOBAL_ACCENT_COLOR_NAME = AccentColor;
				CODE_SIGN_STYLE = Automatic;
				CURRENT_PROJECT_VERSION = 1;
				DEVELOPMENT_ASSET_PATHS = "\"NumbersScanner/Preview Content\"";
				DEVELOPMENT_TEAM = WTK5WT349C;
				ENABLE_PREVIEWS = YES;
				GENERATE_INFOPLIST_FILE = YES;
				INFOPLIST_FILE = NumbersScanner/Info.plist;
				INFOPLIST_KEY_NSCameraUsageDescription = "perform OCR";
				INFOPLIST_KEY_NSPhotoLibraryUsageDescription = "save scanned photo";
				INFOPLIST_KEY_UIApplicationSceneManifest_Generation = YES;
				INFOPLIST_KEY_UIApplicationSupportsIndirectInputEvents = YES;
				INFOPLIST_KEY_UILaunchScreen_Generation = YES;
				INFOPLIST_KEY_UISupportedInterfaceOrientations = UIInterfaceOrientationPortrait;
				INFOPLIST_KEY_UISupportedInterfaceOrientations_iPad = "UIInterfaceOrientationPortrait UIInterfaceOrientationPortraitUpsideDown UIInterfaceOrientationLandscapeLeft UIInterfaceOrientationLandscapeRight";
				INFOPLIST_KEY_UISupportedInterfaceOrientations_iPhone = UIInterfaceOrientationPortrait;
				LD_RUNPATH_SEARCH_PATHS = (
					"$(inherited)",
					"@executable_path/Frameworks",
				);
				MARKETING_VERSION = 1.0;
				PRODUCT_BUNDLE_IDENTIFIER = alex.NumbersScanner;
				PRODUCT_NAME = "$(TARGET_NAME)";
				SWIFT_EMIT_LOC_STRINGS = YES;
				SWIFT_VERSION = 5.0;
				TARGETED_DEVICE_FAMILY = "1,2";
			};
			name = Debug;
		};
		FA7563D729B6625300B5C947 /* Release */ = {
			isa = XCBuildConfiguration;
			buildSettings = {
				ASSETCATALOG_COMPILER_APPICON_NAME = AppIcon;
				ASSETCATALOG_COMPILER_GLOBAL_ACCENT_COLOR_NAME = AccentColor;
				CODE_SIGN_STYLE = Automatic;
				CURRENT_PROJECT_VERSION = 1;
				DEVELOPMENT_ASSET_PATHS = "\"NumbersScanner/Preview Content\"";
				DEVELOPMENT_TEAM = WTK5WT349C;
				ENABLE_PREVIEWS = YES;
				GENERATE_INFOPLIST_FILE = YES;
				INFOPLIST_FILE = NumbersScanner/Info.plist;
				INFOPLIST_KEY_NSCameraUsageDescription = "perform OCR";
				INFOPLIST_KEY_NSPhotoLibraryUsageDescription = "save scanned photo";
				INFOPLIST_KEY_UIApplicationSceneManifest_Generation = YES;
				INFOPLIST_KEY_UIApplicationSupportsIndirectInputEvents = YES;
				INFOPLIST_KEY_UILaunchScreen_Generation = YES;
				INFOPLIST_KEY_UISupportedInterfaceOrientations = UIInterfaceOrientationPortrait;
				INFOPLIST_KEY_UISupportedInterfaceOrientations_iPad = "UIInterfaceOrientationPortrait UIInterfaceOrientationPortraitUpsideDown UIInterfaceOrientationLandscapeLeft UIInterfaceOrientationLandscapeRight";
				INFOPLIST_KEY_UISupportedInterfaceOrientations_iPhone = UIInterfaceOrientationPortrait;
				LD_RUNPATH_SEARCH_PATHS = (
					"$(inherited)",
					"@executable_path/Frameworks",
				);
				MARKETING_VERSION = 1.0;
				PRODUCT_BUNDLE_IDENTIFIER = alex.NumbersScanner;
				PRODUCT_NAME = "$(TARGET_NAME)";
				SWIFT_EMIT_LOC_STRINGS = YES;
				SWIFT_VERSION = 5.0;
				TARGETED_DEVICE_FAMILY = "1,2";
			};
			name = Release;
		};
/* End XCBuildConfiguration section */

/* Begin XCConfigurationList section */
		FA7563C229B6625200B5C947 /* Build configuration list for PBXProject "NumbersScanner" */ = {
			isa = XCConfigurationList;
			buildConfigurations = (
				FA7563D329B6625300B5C947 /* Debug */,
				FA7563D429B6625300B5C947 /* Release */,
			);
			defaultConfigurationIsVisible = 0;
			defaultConfigurationName = Release;
		};
		FA7563D529B6625300B5C947 /* Build configuration list for PBXNativeTarget "NumbersScanner" */ = {
			isa = XCConfigurationList;
			buildConfigurations = (
				FA7563D629B6625300B5C947 /* Debug */,
				FA7563D729B6625300B5C947 /* Release */,
			);
			defaultConfigurationIsVisible = 0;
			defaultConfigurationName = Release;
		};
/* End XCConfigurationList section */
	};
	rootObject = FA7563BF29B6625200B5C947 /* Project object */;
}
